
Microsoft Visual Studio Solution File, Format Version 12.00
# Visual Studio Version 16
VisualStudioVersion = 16.0.33423.256
MinimumVisualStudioVersion = 10.0.40219.1
Project("{FAE04EC0-301F-11D3-BF4B-00C04F79EFBC}") = "Clase28-10", "Clase28-10.csproj", "{81B1B9A0-5F80-4F1C-9EB2-6B69311D0C7A}"
EndProject
Global
	GlobalSection(SolutionConfigurationPlatforms) = preSolution
		Debug|Any CPU = Debug|Any CPU
		Release|Any CPU = Release|Any CPU
	EndGlobalSection
	GlobalSection(ProjectConfigurationPlatforms) = postSolution
		{81B1B9A0-5F80-4F1C-9EB2-6B69311D0C7A}.Debug|Any CPU.ActiveCfg = Debug|Any CPU
		{81B1B9A0-5F80-4F1C-9EB2-6B69311D0C7A}.Debug|Any CPU.Build.0 = Debug|Any CPU
		{81B1B9A0-5F80-4F1C-9EB2-6B69311D0C7A}.Release|Any CPU.ActiveCfg = Release|Any CPU
		{81B1B9A0-5F80-4F1C-9EB2-6B69311D0C7A}.Release|Any CPU.Build.0 = Release|Any CPU
	EndGlobalSection
	GlobalSection(SolutionProperties) = preSolution
		HideSolutionNode = FALSE
	EndGlobalSection
	GlobalSection(ExtensibilityGlobals) = postSolution
		SolutionGuid = {E8FC2267-9F51-4817-94D3-CE9531A3C92D}
	EndGlobalSection
EndGlobal
